
Microsoft Visual Studio Solution File, Format Version 12.00
# Visual Studio Version 16
VisualStudioVersion = 16.0.31424.327
MinimumVisualStudioVersion = 10.0.40219.1
Project("{FAE04EC0-301F-11D3-BF4B-00C04F79EFBC}") = "Tuningteile2", "Tuningteile2\Tuningteile2.csproj", "{B19164CA-80D5-4B84-824B-39B680BDB647}"
EndProject
Global
	GlobalSection(SolutionConfigurationPlatforms) = preSolution
		Debug|Any CPU = Debug|Any CPU
		Release|Any CPU = Release|Any CPU
	EndGlobalSection
	GlobalSection(ProjectConfigurationPlatforms) = postSolution
		{B19164CA-80D5-4B84-824B-39B680BDB647}.Debug|Any CPU.ActiveCfg = Debug|Any CPU
		{B19164CA-80D5-4B84-824B-39B680BDB647}.Debug|Any CPU.Build.0 = Debug|Any CPU
		{B19164CA-80D5-4B84-824B-39B680BDB647}.Release|Any CPU.ActiveCfg = Release|Any CPU
		{B19164CA-80D5-4B84-824B-39B680BDB647}.Release|Any CPU.Build.0 = Release|Any CPU
	EndGlobalSection
	GlobalSection(SolutionProperties) = preSolution
		HideSolutionNode = FALSE
	EndGlobalSection
	GlobalSection(ExtensibilityGlobals) = postSolution
		SolutionGuid = {DFA4A653-680A-404C-AA28-D9521E6CEA50}
	EndGlobalSection
EndGlobal
